
Microsoft Visual Studio Solution File, Format Version 12.00
# Visual Studio Version 16
VisualStudioVersion = 16.0.29709.97
MinimumVisualStudioVersion = 10.0.40219.1
Project("{FAE04EC0-301F-11D3-BF4B-00C04F79EFBC}") = "types2", "types2\types2.csproj", "{AE281EF2-429F-4D71-9887-32D621E8D916}"
EndProject
Global
	GlobalSection(SolutionConfigurationPlatforms) = preSolution
		Debug|Any CPU = Debug|Any CPU
		Release|Any CPU = Release|Any CPU
	EndGlobalSection
	GlobalSection(ProjectConfigurationPlatforms) = postSolution
		{AE281EF2-429F-4D71-9887-32D621E8D916}.Debug|Any CPU.ActiveCfg = Debug|Any CPU
		{AE281EF2-429F-4D71-9887-32D621E8D916}.Debug|Any CPU.Build.0 = Debug|Any CPU
		{AE281EF2-429F-4D71-9887-32D621E8D916}.Release|Any CPU.ActiveCfg = Release|Any CPU
		{AE281EF2-429F-4D71-9887-32D621E8D916}.Release|Any CPU.Build.0 = Release|Any CPU
	EndGlobalSection
	GlobalSection(SolutionProperties) = preSolution
		HideSolutionNode = FALSE
	EndGlobalSection
	GlobalSection(ExtensibilityGlobals) = postSolution
		SolutionGuid = {585EC6ED-73F8-4114-92D6-DEC491F447D8}
	EndGlobalSection
EndGlobal
